
Microsoft Visual Studio Solution File, Format Version 12.00
# Visual Studio Version 16
VisualStudioVersion = 16.0.35425.106
MinimumVisualStudioVersion = 10.0.40219.1
Project("{9A19103F-16F7-4668-BE54-9A1E7A4F7556}") = "FlexivRdkCSharp", "FlexivRdkCSharp\FlexivRdkCSharp.csproj", "{C8BC9FCC-296D-428D-BEC8-FA040784395B}"
EndProject
Project("{8BC9CEB8-8B4A-11D0-8D11-00A0C91BC942}") = "FlexivRdkDll", "FlexivRdkDll\FlexivRdkDll.vcxproj", "{7B76595E-08D8-4B23-8408-8B63BC1FA69C}"
EndProject
Global
	GlobalSection(SolutionConfigurationPlatforms) = preSolution
		Debug|Any CPU = Debug|Any CPU
		Debug|x64 = Debug|x64
		Debug|x86 = Debug|x86
		Release|Any CPU = Release|Any CPU
		Release|x64 = Release|x64
		Release|x86 = Release|x86
	EndGlobalSection
	GlobalSection(ProjectConfigurationPlatforms) = postSolution
		{C8BC9FCC-296D-428D-BEC8-FA040784395B}.Debug|Any CPU.ActiveCfg = Debug|Any CPU
		{C8BC9FCC-296D-428D-BEC8-FA040784395B}.Debug|Any CPU.Build.0 = Debug|Any CPU
		{C8BC9FCC-296D-428D-BEC8-FA040784395B}.Debug|x64.ActiveCfg = Debug|Any CPU
		{C8BC9FCC-296D-428D-BEC8-FA040784395B}.Debug|x64.Build.0 = Debug|Any CPU
		{C8BC9FCC-296D-428D-BEC8-FA040784395B}.Debug|x86.ActiveCfg = Debug|Any CPU
		{C8BC9FCC-296D-428D-BEC8-FA040784395B}.Debug|x86.Build.0 = Debug|Any CPU
		{C8BC9FCC-296D-428D-BEC8-FA040784395B}.Release|Any CPU.ActiveCfg = Release|Any CPU
		{C8BC9FCC-296D-428D-BEC8-FA040784395B}.Release|Any CPU.Build.0 = Release|Any CPU
		{C8BC9FCC-296D-428D-BEC8-FA040784395B}.Release|x64.ActiveCfg = Release|Any CPU
		{C8BC9FCC-296D-428D-BEC8-FA040784395B}.Release|x64.Build.0 = Release|Any CPU
		{C8BC9FCC-296D-428D-BEC8-FA040784395B}.Release|x86.ActiveCfg = Release|Any CPU
		{C8BC9FCC-296D-428D-BEC8-FA040784395B}.Release|x86.Build.0 = Release|Any CPU
		{7B76595E-08D8-4B23-8408-8B63BC1FA69C}.Debug|Any CPU.ActiveCfg = Debug|Win32
		{7B76595E-08D8-4B23-8408-8B63BC1FA69C}.Debug|x64.ActiveCfg = Debug|x64
		{7B76595E-08D8-4B23-8408-8B63BC1FA69C}.Debug|x64.Build.0 = Debug|x64
		{7B76595E-08D8-4B23-8408-8B63BC1FA69C}.Debug|x86.ActiveCfg = Debug|Win32
		{7B76595E-08D8-4B23-8408-8B63BC1FA69C}.Debug|x86.Build.0 = Debug|Win32
		{7B76595E-08D8-4B23-8408-8B63BC1FA69C}.Release|Any CPU.ActiveCfg = Release|Win32
		{7B76595E-08D8-4B23-8408-8B63BC1FA69C}.Release|x64.ActiveCfg = Release|x64
		{7B76595E-08D8-4B23-8408-8B63BC1FA69C}.Release|x64.Build.0 = Release|x64
		{7B76595E-08D8-4B23-8408-8B63BC1FA69C}.Release|x86.ActiveCfg = Release|Win32
		{7B76595E-08D8-4B23-8408-8B63BC1FA69C}.Release|x86.Build.0 = Release|Win32
	EndGlobalSection
	GlobalSection(SolutionProperties) = preSolution
		HideSolutionNode = FALSE
	EndGlobalSection
	GlobalSection(ExtensibilityGlobals) = postSolution
		SolutionGuid = {A6AD8B95-93C4-4C10-B7AB-7E2F3BE1F761}
	EndGlobalSection
EndGlobal
